// !$*UTF8*$!
{
	archiveVersion = 1;
	classes = {
	};
	objectVersion = 50;
	objects = {

/* Begin PBXBuildFile section */
		EFA6B9CD2549F6940049B71B /* AppDelegate.swift in Sources */ = {isa = PBXBuildFile; fileRef = EFA6B9CC2549F6940049B71B /* AppDelegate.swift */; };
		EFA6B9CF2549F6940049B71B /* SceneDelegate.swift in Sources */ = {isa = PBXBuildFile; fileRef = EFA6B9CE2549F6940049B71B /* SceneDelegate.swift */; };
		EFA6B9D12549F6940049B71B /* ViewController.swift in Sources */ = {isa = PBXBuildFile; fileRef = EFA6B9D02549F6940049B71B /* ViewController.swift */; };
		EFA6B9D42549F6940049B71B /* Main.storyboard in Resources */ = {isa = PBXBuildFile; fileRef = EFA6B9D22549F6940049B71B /* Main.storyboard */; };
		EFA6B9D62549F6950049B71B /* Assets.xcassets in Resources */ = {isa = PBXBuildFile; fileRef = EFA6B9D52549F6950049B71B /* Assets.xcassets */; };
		EFA6B9D92549F6950049B71B /* LaunchScreen.storyboard in Resources */ = {isa = PBXBuildFile; fileRef = EFA6B9D72549F6950049B71B /* LaunchScreen.storyboard */; };
/* End PBXBuildFile section */

/* Begin PBXFileReference section */
		EFA6B9C92549F6940049B71B /* VibrateExperiment.app */ = {isa = PBXFileReference; explicitFileType = wrapper.application; includeInIndex = 0; path = VibrateExperiment.app; sourceTree = BUILT_PRODUCTS_DIR; };
		EFA6B9CC2549F6940049B71B /* AppDelegate.swift */ = {isa = PBXFileReference; lastKnownFileType = sourcecode.swift; path = AppDelegate.swift; sourceTree = "<group>"; };
		EFA6B9CE2549F6940049B71B /* SceneDelegate.swift */ = {isa = PBXFileReference; lastKnownFileType = sourcecode.swift; path = SceneDelegate.swift; sourceTree = "<group>"; };
		EFA6B9D02549F6940049B71B /* ViewController.swift */ = {isa = PBXFileReference; lastKnownFileType = sourcecode.swift; path = ViewController.swift; sourceTree = "<group>"; };
		EFA6B9D32549F6940049B71B /* Base */ = {isa = PBXFileReference; lastKnownFileType = file.storyboard; name = Base; path = Base.lproj/Main.storyboard; sourceTree = "<group>"; };
		EFA6B9D52549F6950049B71B /* Assets.xcassets */ = {isa = PBXFileReference; lastKnownFileType = folder.assetcatalog; path = Assets.xcassets; sourceTree = "<group>"; };
		EFA6B9D82549F6950049B71B /* Base */ = {isa = PBXFileReference; lastKnownFileType = file.storyboard; name = Base; path = Base.lproj/LaunchScreen.storyboard; sourceTree = "<group>"; };
		EFA6B9DA2549F6950049B71B /* Info.plist */ = {isa = PBXFileReference; lastKnownFileType = text.plist.xml; path = Info.plist; sourceTree = "<group>"; };
/* End PBXFileReference section */

/* Begin PBXFrameworksBuildPhase section */
		EFA6B9C62549F6940049B71B /* Frameworks */ = {
			isa = PBXFrameworksBuildPhase;
			buildActionMask = 2147483647;
			files = (
			);
			runOnlyForDeploymentPostprocessing = 0;
		};
/* End PBXFrameworksBuildPhase section */

/* Begin PBXGroup section */
		EFA6B9C02549F6940049B71B = {
			isa = PBXGroup;
			children = (
				EFA6B9CB2549F6940049B71B /* VibrateExperiment */,
				EFA6B9CA2549F6940049B71B /* Products */,
			);
			sourceTree = "<group>";
		};
		EFA6B9CA2549F6940049B71B /* Products */ = {
			isa = PBXGroup;
			children = (
				EFA6B9C92549F6940049B71B /* VibrateExperiment.app */,
			);
			name = Products;
			sourceTree = "<group>";
		};
		EFA6B9CB2549F6940049B71B /* VibrateExperiment */ = {
			isa = PBXGroup;
			children = (
				EFA6B9CC2549F6940049B71B /* AppDelegate.swift */,
				EFA6B9CE2549F6940049B71B /* SceneDelegate.swift */,
				EFA6B9D02549F6940049B71B /* ViewController.swift */,
				EFA6B9D22549F6940049B71B /* Main.storyboard */,
				EFA6B9D52549F6950049B71B /* Assets.xcassets */,
				EFA6B9D72549F6950049B71B /* LaunchScreen.storyboard */,
				EFA6B9DA2549F6950049B71B /* Info.plist */,
			);
			path = VibrateExperiment;
			sourceTree = "<group>";
		};
/* End PBXGroup section */

/* Begin PBXNativeTarget section */
		EFA6B9C82549F6940049B71B /* VibrateExperiment */ = {
			isa = PBXNativeTarget;
			buildConfigurationList = EFA6B9DD2549F6950049B71B /* Build configuration list for PBXNativeTarget "VibrateExperiment" */;
			buildPhases = (
				EFA6B9C52549F6940049B71B /* Sources */,
				EFA6B9C62549F6940049B71B /* Frameworks */,
				EFA6B9C72549F6940049B71B /* Resources */,
			);
			buildRules = (
			);
			dependencies = (
			);
			name = VibrateExperiment;
			productName = VibrateExperiment;
			productReference = EFA6B9C92549F6940049B71B /* VibrateExperiment.app */;
			productType = "com.apple.product-type.application";
		};
/* End PBXNativeTarget section */

/* Begin PBXProject section */
		EFA6B9C12549F6940049B71B /* Project object */ = {
			isa = PBXProject;
			attributes = {
				LastSwiftUpdateCheck = 1170;
				LastUpgradeCheck = 1170;
				ORGANIZATIONNAME = "Griffen Morrison";
				TargetAttributes = {
					EFA6B9C82549F6940049B71B = {
						CreatedOnToolsVersion = 11.7;
					};
				};
			};
			buildConfigurationList = EFA6B9C42549F6940049B71B /* Build configuration list for PBXProject "VibrateExperiment" */;
			compatibilityVersion = "Xcode 9.3";
			developmentRegion = en;
			hasScannedForEncodings = 0;
			knownRegions = (
				en,
				Base,
			);
			mainGroup = EFA6B9C02549F6940049B71B;
			productRefGroup = EFA6B9CA2549F6940049B71B /* Products */;
			projectDirPath = "";
			projectRoot = "";
			targets = (
				EFA6B9C82549F6940049B71B /* VibrateExperiment */,
			);
		};
/* End PBXProject section */

/* Begin PBXResourcesBuildPhase section */
		EFA6B9C72549F6940049B71B /* Resources */ = {
			isa = PBXResourcesBuildPhase;
			buildActionMask = 2147483647;
			files = (
				EFA6B9D92549F6950049B71B /* LaunchScreen.storyboard in Resources */,
				EFA6B9D62549F6950049B71B /* Assets.xcassets in Resources */,
				EFA6B9D42549F6940049B71B /* Main.storyboard in Resources */,
			);
			runOnlyForDeploymentPostprocessing = 0;
		};
/* End PBXResourcesBuildPhase section */

/* Begin PBXSourcesBuildPhase section */
		EFA6B9C52549F6940049B71B /* Sources */ = {
			isa = PBXSourcesBuildPhase;
			buildActionMask = 2147483647;
			files = (
				EFA6B9D12549F6940049B71B /* ViewController.swift in Sources */,
				EFA6B9CD2549F6940049B71B /* AppDelegate.swift in Sources */,
				EFA6B9CF2549F6940049B71B /* SceneDelegate.swift in Sources */,
			);
			runOnlyForDeploymentPostprocessing = 0;
		};
/* End PBXSourcesBuildPhase section */

/* Begin PBXVariantGroup section */
		EFA6B9D22549F6940049B71B /* Main.storyboard */ = {
			isa = PBXVariantGroup;
			children = (
				EFA6B9D32549F6940049B71B /* Base */,
			);
			name = Main.storyboard;
			sourceTree = "<group>";
		};
		EFA6B9D72549F6950049B71B /* LaunchScreen.storyboard */ = {
			isa = PBXVariantGroup;
			children = (
				EFA6B9D82549F6950049B71B /* Base */,
			);
			name = LaunchScreen.storyboard;
			sourceTree = "<group>";
		};
/* End PBXVariantGroup section */

/* Begin XCBuildConfiguration section */
		EFA6B9DB2549F6950049B71B /* Debug */ = {
			isa = XCBuildConfiguration;
			buildSettings = {
				ALWAYS_SEARCH_USER_PATHS = NO;
				CLANG_ANALYZER_NONNULL = YES;
				CLANG_ANALYZER_NUMBER_OBJECT_CONVERSION = YES_AGGRESSIVE;
				CLANG_CXX_LANGUAGE_STANDARD = "gnu++14";
				CLANG_CXX_LIBRARY = "libc++";
				CLANG_ENABLE_MODULES = YES;
				CLANG_ENABLE_OBJC_ARC = YES;
				CLANG_ENABLE_OBJC_WEAK = YES;
				CLANG_WARN_BLOCK_CAPTURE_AUTORELEASING = YES;
				CLANG_WARN_BOOL_CONVERSION = YES;
				CLANG_WARN_COMMA = YES;
				CLANG_WARN_CONSTANT_CONVERSION = YES;
				CLANG_WARN_DEPRECATED_OBJC_IMPLEMENTATIONS = YES;
				CLANG_WARN_DIRECT_OBJC_ISA_USAGE = YES_ERROR;
				CLANG_WARN_DOCUMENTATION_COMMENTS = YES;
				CLANG_WARN_EMPTY_BODY = YES;
				CLANG_WARN_ENUM_CONVERSION = YES;
				CLANG_WARN_INFINITE_RECURSION = YES;
				CLANG_WARN_INT_CONVERSION = YES;
				CLANG_WARN_NON_LITERAL_NULL_CONVERSION = YES;
				CLANG_WARN_OBJC_IMPLICIT_RETAIN_SELF = YES;
				CLANG_WARN_OBJC_LITERAL_CONVERSION = YES;
				CLANG_WARN_OBJC_ROOT_CLASS = YES_ERROR;
				CLANG_WARN_RANGE_LOOP_ANALYSIS = YES;
				CLANG_WARN_STRICT_PROTOTYPES = YES;
				CLANG_WARN_SUSPICIOUS_MOVE = YES;
				CLANG_WARN_UNGUARDED_AVAILABILITY = YES_AGGRESSIVE;
				CLANG_WARN_UNREACHABLE_CODE = YES;
				CLANG_WARN__DUPLICATE_METHOD_MATCH = YES;
				COPY_PHASE_STRIP = NO;
				DEBUG_INFORMATION_FORMAT = dwarf;
				ENABLE_STRICT_OBJC_MSGSEND = YES;
				ENABLE_TESTABILITY = YES;
				GCC_C_LANGUAGE_STANDARD = gnu11;
				GCC_DYNAMIC_NO_PIC = NO;
				GCC_NO_COMMON_BLOCKS = YES;
				GCC_OPTIMIZATION_LEVEL = 0;
				GCC_PREPROCESSOR_DEFINITIONS = (
					"DEBUG=1",
					"$(inherited)",
				);
				GCC_WARN_64_TO_32_BIT_CONVERSION = YES;
				GCC_WARN_ABOUT_RETURN_TYPE = YES_ERROR;
				GCC_WARN_UNDECLARED_SELECTOR = YES;
				GCC_WARN_UNINITIALIZED_AUTOS = YES_AGGRESSIVE;
				GCC_WARN_UNUSED_FUNCTION = YES;
				GCC_WARN_UNUSED_VARIABLE = YES;
				IPHONEOS_DEPLOYMENT_TARGET = 13.7;
				MTL_ENABLE_DEBUG_INFO = INCLUDE_SOURCE;
				MTL_FAST_MATH = YES;
				ONLY_ACTIVE_ARCH = YES;
				SDKROOT = iphoneos;
				SWIFT_ACTIVE_COMPILATION_CONDITIONS = DEBUG;
				SWIFT_OPTIMIZATION_LEVEL = "-Onone";
			};
			name = Debug;
		};
		EFA6B9DC2549F6950049B71B /* Release */ = {
			isa = XCBuildConfiguration;
			buildSettings = {
				ALWAYS_SEARCH_USER_PATHS = NO;
				CLANG_ANALYZER_NONNULL = YES;
				CLANG_ANALYZER_NUMBER_OBJECT_CONVERSION = YES_AGGRESSIVE;
				CLANG_CXX_LANGUAGE_STANDARD = "gnu++14";
				CLANG_CXX_LIBRARY = "libc++";
				CLANG_ENABLE_MODULES = YES;
				CLANG_ENABLE_OBJC_ARC = YES;
				CLANG_ENABLE_OBJC_WEAK = YES;
				CLANG_WARN_BLOCK_CAPTURE_AUTORELEASING = YES;
				CLANG_WARN_BOOL_CONVERSION = YES;
				CLANG_WARN_COMMA = YES;
				CLANG_WARN_CONSTANT_CONVERSION = YES;
				CLANG_WARN_DEPRECATED_OBJC_IMPLEMENTATIONS = YES;
				CLANG_WARN_DIRECT_OBJC_ISA_USAGE = YES_ERROR;
				CLANG_WARN_DOCUMENTATION_COMMENTS = YES;
				CLANG_WARN_EMPTY_BODY = YES;
				CLANG_WARN_ENUM_CONVERSION = YES;
				CLANG_WARN_INFINITE_RECURSION = YES;
				CLANG_WARN_INT_CONVERSION = YES;
				CLANG_WARN_NON_LITERAL_NULL_CONVERSION = YES;
				CLANG_WARN_OBJC_IMPLICIT_RETAIN_SELF = YES;
				CLANG_WARN_OBJC_LITERAL_CONVERSION = YES;
				CLANG_WARN_OBJC_ROOT_CLASS = YES_ERROR;
				CLANG_WARN_RANGE_LOOP_ANALYSIS = YES;
				CLANG_WARN_STRICT_PROTOTYPES = YES;
				CLANG_WARN_SUSPICIOUS_MOVE = YES;
				CLANG_WARN_UNGUARDED_AVAILABILITY = YES_AGGRESSIVE;
				CLANG_WARN_UNREACHABLE_CODE = YES;
				CLANG_WARN__DUPLICATE_METHOD_MATCH = YES;
				COPY_PHASE_STRIP = NO;
				DEBUG_INFORMATION_FORMAT = "dwarf-with-dsym";
				ENABLE_NS_ASSERTIONS = NO;
				ENABLE_STRICT_OBJC_MSGSEND = YES;
				GCC_C_LANGUAGE_STANDARD = gnu11;
				GCC_NO_COMMON_BLOCKS = YES;
				GCC_WARN_64_TO_32_BIT_CONVERSION = YES;
				GCC_WARN_ABOUT_RETURN_TYPE = YES_ERROR;
				GCC_WARN_UNDECLARED_SELECTOR = YES;
				GCC_WARN_UNINITIALIZED_AUTOS = YES_AGGRESSIVE;
				GCC_WARN_UNUSED_FUNCTION = YES;
				GCC_WARN_UNUSED_VARIABLE = YES;
				IPHONEOS_DEPLOYMENT_TARGET = 13.7;
				MTL_ENABLE_DEBUG_INFO = NO;
				MTL_FAST_MATH = YES;
				SDKROOT = iphoneos;
				SWIFT_COMPILATION_MODE = wholemodule;
				SWIFT_OPTIMIZATION_LEVEL = "-O";
				VALIDATE_PRODUCT = YES;
			};
			name = Release;
		};
		EFA6B9DE2549F6950049B71B /* Debug */ = {
			isa = XCBuildConfiguration;
			buildSettings = {
				ASSETCATALOG_COMPILER_APPICON_NAME = AppIcon;
				CODE_SIGN_STYLE = Automatic;
				DEVELOPMENT_TEAM = ZGVVD36PLA;
				INFOPLIST_FILE = VibrateExperiment/Info.plist;
				IPHONEOS_DEPLOYMENT_TARGET = 13.0;
				LD_RUNPATH_SEARCH_PATHS = (
					"$(inherited)",
					"@executable_path/Frameworks",
				);
				PRODUCT_BUNDLE_IDENTIFIER = experiments.VibrateExperiment;
				PRODUCT_NAME = "$(TARGET_NAME)";
				SWIFT_VERSION = 5.0;
				TARGETED_DEVICE_FAMILY = "1,2";
			};
			name = Debug;
		};
		EFA6B9DF2549F6950049B71B /* Release */ = {
			isa = XCBuildConfiguration;
			buildSettings = {
				ASSETCATALOG_COMPILER_APPICON_NAME = AppIcon;
				CODE_SIGN_STYLE = Automatic;
				DEVELOPMENT_TEAM = ZGVVD36PLA;
				INFOPLIST_FILE = VibrateExperiment/Info.plist;
				IPHONEOS_DEPLOYMENT_TARGET = 13.0;
				LD_RUNPATH_SEARCH_PATHS = (
					"$(inherited)",
					"@executable_path/Frameworks",
				);
				PRODUCT_BUNDLE_IDENTIFIER = experiments.VibrateExperiment;
				PRODUCT_NAME = "$(TARGET_NAME)";
				SWIFT_VERSION = 5.0;
				TARGETED_DEVICE_FAMILY = "1,2";
			};
			name = Release;
		};
/* End XCBuildConfiguration section */

/* Begin XCConfigurationList section */
		EFA6B9C42549F6940049B71B /* Build configuration list for PBXProject "VibrateExperiment" */ = {
			isa = XCConfigurationList;
			buildConfigurations = (
				EFA6B9DB2549F6950049B71B /* Debug */,
				EFA6B9DC2549F6950049B71B /* Release */,
			);
			defaultConfigurationIsVisible = 0;
			defaultConfigurationName = Release;
		};
		EFA6B9DD2549F6950049B71B /* Build configuration list for PBXNativeTarget "VibrateExperiment" */ = {
			isa = XCConfigurationList;
			buildConfigurations = (
				EFA6B9DE2549F6950049B71B /* Debug */,
				EFA6B9DF2549F6950049B71B /* Release */,
			);
			defaultConfigurationIsVisible = 0;
			defaultConfigurationName = Release;
		};
/* End XCConfigurationList section */
	};
	rootObject = EFA6B9C12549F6940049B71B /* Project object */;
}
